PODS:
  - appcenter (1.13.0):
    - AppCenterReactNativeShared
    - React
  - appcenter-analytics (1.13.0):
    - AppCenter/Analytics
    - AppCenterReactNativeShared
    - React
  - appcenter-crashes (1.13.0):
    - AppCenter/Crashes
    - AppCenterReactNativeShared
    - React
  - appcenter-push (1.13.0):
    - AppCenter/Push
    - AppCenterReactNativeShared
    - React
  - AppCenter/Analytics (2.1.0):
    - AppCenter/Core
  - AppCenter/Core (2.1.0)
  - AppCenter/Crashes (2.1.0):
    - AppCenter/Core
  - AppCenter/Push (2.1.0):
    - AppCenter/Core
  - AppCenterReactNativeShared (2.1.0):
    - AppCenter/Core (= 2.1.0)
  - boost-for-react-native (1.63.0)
  - BugsnagReactNative (2.16.0):
    - BugsnagReactNative/Core (= 2.16.0)
    - React
  - BugsnagReactNative/Core (2.16.0):
    - React
  - BVLinearGradient (2.5.4):
    - React
  - DoubleConversion (1.1.6)
  - Folly (2018.10.22.00):
    - boost-for-react-native
    - DoubleConversion
    - glog
  - glog (0.3.5)
  - React (0.59.10):
    - React/Core (= 0.59.10)
  - react-native-async-storage (1.2.2):
    - React
  - react-native-geolocation (1.1.0):
    - React
  - react-native-netinfo (3.2.1):
    - React
  - react-native-webview (5.6.2):
    - React
  - React/Core (0.59.10):
    - yoga (= 0.59.10.React)
  - React/CxxBridge (0.59.10):
    - Folly (= 2018.10.22.00)
    - React/Core
    - React/cxxreact
    - React/jsiexecutor
  - React/cxxreact (0.59.10):
    - boost-for-react-native (= 1.63.0)
    - DoubleConversion
    - Folly (= 2018.10.22.00)
    - glog
    - React/jsinspector
  - React/DevSupport (0.59.10):
    - React/Core
    - React/RCTWebSocket
  - React/fishhook (0.59.10)
  - React/jsi (0.59.10):
    - DoubleConversion
    - Folly (= 2018.10.22.00)
    - glog
  - React/jsiexecutor (0.59.10):
    - DoubleConversion
    - Folly (= 2018.10.22.00)
    - glog
    - React/cxxreact
    - React/jsi
  - React/jsinspector (0.59.10)
  - React/RCTAnimation (0.59.10):
    - React/Core
  - React/RCTBlob (0.59.10):
    - React/Core
  - React/RCTGeolocation (0.59.10):
    - React/Core
  - React/RCTImage (0.59.10):
    - React/Core
    - React/RCTNetwork
  - React/RCTLinkingIOS (0.59.10):
    - React/Core
  - React/RCTNetwork (0.59.10):
    - React/Core
  - React/RCTSettings (0.59.10):
    - React/Core
  - React/RCTText (0.59.10):
    - React/Core
  - React/RCTWebSocket (0.59.10):
    - React/Core
    - React/fishhook
    - React/RCTBlob
  - RNDeviceInfo (1.4.2):
    - React
  - RNFS (2.13.3):
    - React
  - RNSVG (9.3.7):
    - React
  - yoga (0.59.10.React)

DEPENDENCIES:
  - appcenter (from `../node_modules/appcenter/ios`)
  - appcenter-analytics (from `../node_modules/appcenter-analytics/ios`)
  - appcenter-crashes (from `../node_modules/appcenter-crashes/ios`)
  - appcenter-push (from `../node_modules/appcenter-push/ios`)
  - BugsnagReactNative (from `../node_modules/bugsnag-react-native`)
  - BVLinearGradient (from `../node_modules/react-native-linear-gradient`)
  - DoubleConversion (from `../node_modules/react-native/third-party-podspecs/DoubleConversion.podspec`)
  - Folly (from `../node_modules/react-native/third-party-podspecs/Folly.podspec`)
  - glog (from `../node_modules/react-native/third-party-podspecs/glog.podspec`)
  - "react-native-async-storage (from `../node_modules/@react-native-community/async-storage`)"
  - "react-native-geolocation (from `../node_modules/@react-native-community/geolocation`)"
  - "react-native-netinfo (from `../node_modules/@react-native-community/netinfo`)"
  - react-native-webview (from `../node_modules/react-native-webview`)
  - React/Core (from `../node_modules/react-native`)
  - React/CxxBridge (from `../node_modules/react-native`)
  - React/DevSupport (from `../node_modules/react-native`)
  - React/RCTAnimation (from `../node_modules/react-native`)
  - React/RCTGeolocation (from `../node_modules/react-native`)
  - React/RCTImage (from `../node_modules/react-native`)
  - React/RCTLinkingIOS (from `../node_modules/react-native`)
  - React/RCTNetwork (from `../node_modules/react-native`)
  - React/RCTSettings (from `../node_modules/react-native`)
  - React/RCTText (from `../node_modules/react-native`)
  - React/RCTWebSocket (from `../node_modules/react-native`)
  - RNDeviceInfo (from `../node_modules/react-native-device-info`)
  - RNFS (from `../node_modules/react-native-fs`)
  - RNSVG (from `../node_modules/react-native-svg`)
  - yoga (from `../node_modules/react-native/ReactCommon/yoga`)

SPEC REPOS:
  trunk:
    - AppCenter
    - AppCenterReactNativeShared
    - boost-for-react-native

EXTERNAL SOURCES:
  appcenter:
    :path: "../node_modules/appcenter/ios"
  appcenter-analytics:
    :path: "../node_modules/appcenter-analytics/ios"
  appcenter-crashes:
    :path: "../node_modules/appcenter-crashes/ios"
  appcenter-push:
    :path: "../node_modules/appcenter-push/ios"
  BugsnagReactNative:
    :path: "../node_modules/bugsnag-react-native"
  BVLinearGradient:
    :path: "../node_modules/react-native-linear-gradient"
  DoubleConversion:
    :podspec: "../node_modules/react-native/third-party-podspecs/DoubleConversion.podspec"
  Folly:
    :podspec: "../node_modules/react-native/third-party-podspecs/Folly.podspec"
  glog:
    :podspec: "../node_modules/react-native/third-party-podspecs/glog.podspec"
  React:
    :path: "../node_modules/react-native"
  react-native-async-storage:
    :path: "../node_modules/@react-native-community/async-storage"
  react-native-geolocation:
    :path: "../node_modules/@react-native-community/geolocation"
  react-native-netinfo:
    :path: "../node_modules/@react-native-community/netinfo"
  react-native-webview:
    :path: "../node_modules/react-native-webview"
  RNDeviceInfo:
    :path: "../node_modules/react-native-device-info"
  RNFS:
    :path: "../node_modules/react-native-fs"
  RNSVG:
    :path: "../node_modules/react-native-svg"
  yoga:
    :path: "../node_modules/react-native/ReactCommon/yoga"

SPEC CHECKSUMS:
  AppCenter: 21decaa4488024e8355e650e44ccabb69ca60d47
  appcenter: 90f03022968d299d5c11a9488ac20fc2009098ea
  appcenter-analytics: 6e09a01f3411335823ac59d1af5b840f5b8e8727
  appcenter-crashes: a8221629a8b2baf5a85b4c8c655993b4f3adf571
  appcenter-push: 5cd328b49870e01b30df7b2d8b755544d09ddf5e
  AppCenterReactNativeShared: 6e856a993f022a2a7afaa1bc21834d4dded708b2
  boost-for-react-native: 39c7adb57c4e60d6c5479dd8623128eb5b3f0f2c
  BugsnagReactNative: fe3dfc0cce7b4351e0a5baa7c7871a7f28dae474
  BVLinearGradient: 8cbc5155c978f2e43098818c91d206d07aae6d30
  DoubleConversion: bb338842f62ab1d708ceb63ec3d999f0f3d98ecd
  Folly: de497beb10f102453a1afa9edbf8cf8a251890de
  glog: aefd1eb5dda2ab95ba0938556f34b98e2da3a60d
  React: 36d0768f9e93be2473b37e7fa64f92c1d5341eef
  react-native-async-storage: eccd2790b0c17d50e81fb8be5f6b20bef3dc0f7e
  react-native-geolocation: 5daa1989e992fa4a6a96b319edb37a09866f5c37
  react-native-netinfo: 0da34082d2cec3100c9b5073bb217e35f1142bdd
  react-native-webview: c0ddb07676492d983068b0dbfe38ff82d49b1175
  RNDeviceInfo: 3b35df92a4da3f8c9cb99e368220f50775e0edb2
  RNFS: c9bbde46b0d59619f8e7b735991c60e0f73d22c1
  RNSVG: 2cc66383316fa84d4c672ccfa5e3bac271b6a2af
  yoga: 684513b14b03201579ba3cee20218c9d1298b0cc

PODFILE CHECKSUM: 0eeae7c08da69f3a484a86262dd9b93b7c6a8439

COCOAPODS: 1.9.3
